
Microsoft Visual Studio Solution File, Format Version 12.00
# Visual Studio Version 17
VisualStudioVersion = 17.9.34607.119
MinimumVisualStudioVersion = 10.0.40219.1
Project("{9A19103F-16F7-4668-BE54-9A1E7A4F7556}") = "ST10256859_CLDV6211_POE", "ST10256859_CLDV6211_POE.csproj", "{4FDC1133-44C7-4602-A25B-9B30138CD07B}"
EndProject
Global
	GlobalSection(SolutionConfigurationPlatforms) = preSolution
		Debug|Any CPU = Debug|Any CPU
		Release|Any CPU = Release|Any CPU
	EndGlobalSection
	GlobalSection(ProjectConfigurationPlatforms) = postSolution
		{4FDC1133-44C7-4602-A25B-9B30138CD07B}.Debug|Any CPU.ActiveCfg = Debug|Any CPU
		{4FDC1133-44C7-4602-A25B-9B30138CD07B}.Debug|Any CPU.Build.0 = Debug|Any CPU
		{4FDC1133-44C7-4602-A25B-9B30138CD07B}.Release|Any CPU.ActiveCfg = Release|Any CPU
		{4FDC1133-44C7-4602-A25B-9B30138CD07B}.Release|Any CPU.Build.0 = Release|Any CPU
	EndGlobalSection
	GlobalSection(SolutionProperties) = preSolution
		HideSolutionNode = FALSE
	EndGlobalSection
	GlobalSection(ExtensibilityGlobals) = postSolution
		SolutionGuid = {72C352E8-ED76-44F4-B2A1-5E258343D3B7}
	EndGlobalSection
EndGlobal
